
Microsoft Visual Studio Solution File, Format Version 12.00
# Visual Studio Version 17
VisualStudioVersion = 17.14.36221.1 d17.14
MinimumVisualStudioVersion = 10.0.40219.1
Project("{FAE04EC0-301F-11D3-BF4B-00C04F79EFBC}") = "DonaldOS", "DonaldOS\DonaldOS.csproj", "{4D5996BC-2DFC-48E5-A78D-42ADAA588D61}"
EndProject
Global
	GlobalSection(SolutionConfigurationPlatforms) = preSolution
		Debug|Any CPU = Debug|Any CPU
		Release|Any CPU = Release|Any CPU
	EndGlobalSection
	GlobalSection(ProjectConfigurationPlatforms) = postSolution
		{4D5996BC-2DFC-48E5-A78D-42ADAA588D61}.Debug|Any CPU.ActiveCfg = Debug|Any CPU
		{4D5996BC-2DFC-48E5-A78D-42ADAA588D61}.Debug|Any CPU.Build.0 = Debug|Any CPU
		{4D5996BC-2DFC-48E5-A78D-42ADAA588D61}.Release|Any CPU.ActiveCfg = Release|Any CPU
		{4D5996BC-2DFC-48E5-A78D-42ADAA588D61}.Release|Any CPU.Build.0 = Release|Any CPU
	EndGlobalSection
	GlobalSection(SolutionProperties) = preSolution
		HideSolutionNode = FALSE
	EndGlobalSection
	GlobalSection(ExtensibilityGlobals) = postSolution
		SolutionGuid = {44FE4818-5F63-4AED-A15D-12A8BE50328B}
	EndGlobalSection
EndGlobal
